
Microsoft Visual Studio Solution File, Format Version 12.00
# Visual Studio 15
VisualStudioVersion = 15.0.28307.271
MinimumVisualStudioVersion = 10.0.40219.1
Project("{FAE04EC0-301F-11D3-BF4B-00C04F79EFBC}") = "AppDemoREST", "AppDemoREST\AppDemoREST.csproj", "{C8A48386-89CA-415F-B168-BE103B34292E}"
EndProject
Global
	GlobalSection(SolutionConfigurationPlatforms) = preSolution
		Debug|Any CPU = Debug|Any CPU
		Release|Any CPU = Release|Any CPU
	EndGlobalSection
	GlobalSection(ProjectConfigurationPlatforms) = postSolution
		{C8A48386-89CA-415F-B168-BE103B34292E}.Debug|Any CPU.ActiveCfg = Debug|Any CPU
		{C8A48386-89CA-415F-B168-BE103B34292E}.Debug|Any CPU.Build.0 = Debug|Any CPU
		{C8A48386-89CA-415F-B168-BE103B34292E}.Release|Any CPU.ActiveCfg = Release|Any CPU
		{C8A48386-89CA-415F-B168-BE103B34292E}.Release|Any CPU.Build.0 = Release|Any CPU
	EndGlobalSection
	GlobalSection(SolutionProperties) = preSolution
		HideSolutionNode = FALSE
	EndGlobalSection
	GlobalSection(ExtensibilityGlobals) = postSolution
		SolutionGuid = {E3FE50D8-CAD3-4697-B1EF-1B75F27DAB6E}
	EndGlobalSection
EndGlobal
